{
    "_readme": [
        "This file locks the dependencies of your project to a known state",
        "Read more about it at http://getcomposer.org/doc/01-basic-usage.md#composer-lock-the-lock-file"
    ],
    "hash": "3844fbc34b5821a8be291ae6132f2ba3",
    "packages": [
        {
            "name": "samjoyce777/location",
            "version": "dev-master",
            "source": {
                "type": "git",
                "url": "https://github.com/samjoyce777/location.git",
                "reference": "c19ccba0258ac620701d072f10cd2baf6065a95c"
            },
            "dist": {
                "type": "zip",
                "url": "https://api.github.com/repos/samjoyce777/location/zipball/c19ccba0258ac620701d072f10cd2baf6065a95c",
                "reference": "c19ccba0258ac620701d072f10cd2baf6065a95c",
                "shasum": ""
            },
            "type": "git",
            "autoload": {
                "psr-0": {
                    "samjoyce\\location": "src"
                }
            },
            "license": [
                "MIT"
            ],
            "authors": [
                {
                    "name": "Sam Joyce",
                    "email": "samjoyce777@gmail.com",
                    "homepage": "http://www.samjoyce.co.uk",
                    "role": "Developer"
                }
            ],
            "description": "This is a very cool package!",
            "homepage": "http://samjoyce.co.uk",
            "keywords": [
                "awesome",
                "cool",
                "logging"
            ],
            "support": {
                "source": "https://github.com/samjoyce777/location/tree/master",
                "issues": "https://github.com/samjoyce777/location/issues"
            },
            "time": "2014-02-25 11:32:14"
        },
        {
            "name": "samjoyce777/simpleimage",
            "version": "dev-master",
            "source": {
                "type": "git",
                "url": "https://github.com/samjoyce777/simpleimage.git",
                "reference": "72bcc2a0b64316c3abc8663f4b48c38a01d61390"
            },
            "dist": {
                "type": "zip",
                "url": "https://api.github.com/repos/samjoyce777/simpleimage/zipball/72bcc2a0b64316c3abc8663f4b48c38a01d61390",
                "reference": "72bcc2a0b64316c3abc8663f4b48c38a01d61390",
                "shasum": ""
            },
            "type": "git",
            "autoload": {
                "psr-0": {
                    "samjoyce\\simpleimage": "src"
                }
            },
            "license": [
                "MIT"
            ],
            "authors": [
                {
                    "name": "Sam Joyce",
                    "email": "samjoyce777@gmail.com",
                    "homepage": "http://www.samjoyce.co.uk",
                    "role": "Developer"
                }
            ],
            "description": "Simple PHP image control class",
            "homepage": "http://samjoyce.co.uk",
            "keywords": [
                "class",
                "image",
                "php"
            ],
            "support": {
                "source": "https://github.com/samjoyce777/simpleimage/tree/master",
                "issues": "https://github.com/samjoyce777/simpleimage/issues"
            },
            "time": "2014-02-25 11:28:54"
        }
    ],
    "packages-dev": [

    ],
    "aliases": [

    ],
    "minimum-stability": "stable",
    "stability-flags": {
        "samjoyce777/location": 20,
        "samjoyce777/simpleimage": 20
    },
    "platform": [

    ],
    "platform-dev": [

    ]
}
